PODS:
  - FBSnapshotTestCase (2.1.4):
    - FBSnapshotTestCase/SwiftSupport (= 2.1.4)
  - FBSnapshotTestCase/Core (2.1.4)
  - FBSnapshotTestCase/SwiftSupport (2.1.4):
    - FBSnapshotTestCase/Core
  - yj-ios-libs (0.1.0)

DEPENDENCIES:
  - FBSnapshotTestCase
  - yj-ios-libs (from `../`)

SPEC REPOS:
  trunk:
    - FBSnapshotTestCase

EXTERNAL SOURCES:
  yj-ios-libs:
    :path: "../"

SPEC CHECKSUMS:
  FBSnapshotTestCase: 094f9f314decbabe373b87cc339bea235a63e07a
  yj-ios-libs: 42d548fa8897d30eed12a6b8329dac289bde07e4

PODFILE CHECKSUM: ca79e5d23a2c9c3a34596693003312cae3424e1c

COCOAPODS: 1.11.2
